
Microsoft Visual Studio Solution File, Format Version 12.00
# Visual Studio 2013
VisualStudioVersion = 12.0.30501.0
MinimumVisualStudioVersion = 10.0.40219.1
Project("{FAE04EC0-301F-11D3-BF4B-00C04F79EFBC}") = "MailClient.WinForms", "MailClient.WinForms\MailClient.WinForms.csproj", "{701F9693-2975-4AB4-92C6-6A5E05BF2918}"
EndProject
Project("{FAE04EC0-301F-11D3-BF4B-00C04F79EFBC}") = "MailClient.CryptoPlugin", "MailClient.CryptoPlugin\MailClient.CryptoPlugin.csproj", "{A3EA72C9-2EEC-45C0-87E9-BB6020527BF8}"
EndProject
Global
	GlobalSection(SolutionConfigurationPlatforms) = preSolution
		Debug|Any CPU = Debug|Any CPU
		Release|Any CPU = Release|Any CPU
	EndGlobalSection
	GlobalSection(ProjectConfigurationPlatforms) = postSolution
		{701F9693-2975-4AB4-92C6-6A5E05BF2918}.Debug|Any CPU.ActiveCfg = Debug|Any CPU
		{701F9693-2975-4AB4-92C6-6A5E05BF2918}.Debug|Any CPU.Build.0 = Debug|Any CPU
		{701F9693-2975-4AB4-92C6-6A5E05BF2918}.Release|Any CPU.ActiveCfg = Release|Any CPU
		{701F9693-2975-4AB4-92C6-6A5E05BF2918}.Release|Any CPU.Build.0 = Release|Any CPU
		{A3EA72C9-2EEC-45C0-87E9-BB6020527BF8}.Debug|Any CPU.ActiveCfg = Debug|Any CPU
		{A3EA72C9-2EEC-45C0-87E9-BB6020527BF8}.Debug|Any CPU.Build.0 = Debug|Any CPU
		{A3EA72C9-2EEC-45C0-87E9-BB6020527BF8}.Release|Any CPU.ActiveCfg = Release|Any CPU
		{A3EA72C9-2EEC-45C0-87E9-BB6020527BF8}.Release|Any CPU.Build.0 = Release|Any CPU
	EndGlobalSection
	GlobalSection(SolutionProperties) = preSolution
		HideSolutionNode = FALSE
	EndGlobalSection
EndGlobal
